
Microsoft Visual Studio Solution File, Format Version 12.00
# Visual Studio Version 16
VisualStudioVersion = 16.0.29613.14
MinimumVisualStudioVersion = 10.0.40219.1
Project("{FAE04EC0-301F-11D3-BF4B-00C04F79EFBC}") = "SchoolManager", "SchoolManager\SchoolManager.csproj", "{CB77050F-E76E-473F-8600-E04126AC405B}"
EndProject
Global
	GlobalSection(SolutionConfigurationPlatforms) = preSolution
		Debug|Any CPU = Debug|Any CPU
		Release|Any CPU = Release|Any CPU
	EndGlobalSection
	GlobalSection(ProjectConfigurationPlatforms) = postSolution
		{CB77050F-E76E-473F-8600-E04126AC405B}.Debug|Any CPU.ActiveCfg = Debug|Any CPU
		{CB77050F-E76E-473F-8600-E04126AC405B}.Debug|Any CPU.Build.0 = Debug|Any CPU
		{CB77050F-E76E-473F-8600-E04126AC405B}.Release|Any CPU.ActiveCfg = Release|Any CPU
		{CB77050F-E76E-473F-8600-E04126AC405B}.Release|Any CPU.Build.0 = Release|Any CPU
	EndGlobalSection
	GlobalSection(SolutionProperties) = preSolution
		HideSolutionNode = FALSE
	EndGlobalSection
	GlobalSection(ExtensibilityGlobals) = postSolution
		SolutionGuid = {1194B39B-8AF9-44BA-A00E-4629680A3DE1}
	EndGlobalSection
EndGlobal
